
Microsoft Visual Studio Solution File, Format Version 12.00
# Visual Studio Version 16
VisualStudioVersion = 16.0.30413.136
MinimumVisualStudioVersion = 10.0.40219.1
Project("{FAE04EC0-301F-11D3-BF4B-00C04F79EFBC}") = "FormsReborn", "FormsReborn\FormsReborn.csproj", "{5953471F-EF3A-49E1-B1DA-CF2E2F1375CB}"
EndProject
Global
	GlobalSection(SolutionConfigurationPlatforms) = preSolution
		Debug|Any CPU = Debug|Any CPU
		Release|Any CPU = Release|Any CPU
	EndGlobalSection
	GlobalSection(ProjectConfigurationPlatforms) = postSolution
		{5953471F-EF3A-49E1-B1DA-CF2E2F1375CB}.Debug|Any CPU.ActiveCfg = Debug|Any CPU
		{5953471F-EF3A-49E1-B1DA-CF2E2F1375CB}.Debug|Any CPU.Build.0 = Debug|Any CPU
		{5953471F-EF3A-49E1-B1DA-CF2E2F1375CB}.Release|Any CPU.ActiveCfg = Release|Any CPU
		{5953471F-EF3A-49E1-B1DA-CF2E2F1375CB}.Release|Any CPU.Build.0 = Release|Any CPU
	EndGlobalSection
	GlobalSection(SolutionProperties) = preSolution
		HideSolutionNode = FALSE
	EndGlobalSection
	GlobalSection(ExtensibilityGlobals) = postSolution
		SolutionGuid = {99AD3430-A4D8-4321-A9BB-D0A9771F7164}
	EndGlobalSection
EndGlobal
